// !$*UTF8*$!
{
	archiveVersion = 1;
	classes = {
	};
	objectVersion = 50;
	objects = {

/* Begin PBXBuildFile section */
		4585AA25228F43ED00DFFAD3 /* AppDelegate.swift in Sources */ = {isa = PBXBuildFile; fileRef = 4585AA24228F43ED00DFFAD3 /* AppDelegate.swift */; };
		4585AA27228F43ED00DFFAD3 /* ViewController.swift in Sources */ = {isa = PBXBuildFile; fileRef = 4585AA26228F43ED00DFFAD3 /* ViewController.swift */; };
		4585AA2A228F43ED00DFFAD3 /* Main.storyboard in Resources */ = {isa = PBXBuildFile; fileRef = 4585AA28228F43ED00DFFAD3 /* Main.storyboard */; };
		4585AA2C228F43EF00DFFAD3 /* Assets.xcassets in Resources */ = {isa = PBXBuildFile; fileRef = 4585AA2B228F43EF00DFFAD3 /* Assets.xcassets */; };
		4585AA2F228F43EF00DFFAD3 /* LaunchScreen.storyboard in Resources */ = {isa = PBXBuildFile; fileRef = 4585AA2D228F43EF00DFFAD3 /* LaunchScreen.storyboard */; };
		45B79FBE22907EA80062F57C /* PersonCell.swift in Sources */ = {isa = PBXBuildFile; fileRef = 45B79FBD22907EA80062F57C /* PersonCell.swift */; };
		5B3D045C2291150700FD7203 /* Person.swift in Sources */ = {isa = PBXBuildFile; fileRef = 5B3D045B2291150700FD7203 /* Person.swift */; };
/* End PBXBuildFile section */

/* Begin PBXFileReference section */
		4585AA21228F43ED00DFFAD3 /* HWS_Project10.app */ = {isa = PBXFileReference; explicitFileType = wrapper.application; includeInIndex = 0; path = HWS_Project10.app; sourceTree = BUILT_PRODUCTS_DIR; };
		4585AA24228F43ED00DFFAD3 /* AppDelegate.swift */ = {isa = PBXFileReference; lastKnownFileType = sourcecode.swift; path = AppDelegate.swift; sourceTree = "<group>"; };
		4585AA26228F43ED00DFFAD3 /* ViewController.swift */ = {isa = PBXFileReference; lastKnownFileType = sourcecode.swift; path = ViewController.swift; sourceTree = "<group>"; };
		4585AA29228F43ED00DFFAD3 /* Base */ = {isa = PBXFileReference; lastKnownFileType = file.storyboard; name = Base; path = Base.lproj/Main.storyboard; sourceTree = "<group>"; };
		4585AA2B228F43EF00DFFAD3 /* Assets.xcassets */ = {isa = PBXFileReference; lastKnownFileType = folder.assetcatalog; path = Assets.xcassets; sourceTree = "<group>"; };
		4585AA2E228F43EF00DFFAD3 /* Base */ = {isa = PBXFileReference; lastKnownFileType = file.storyboard; name = Base; path = Base.lproj/LaunchScreen.storyboard; sourceTree = "<group>"; };
		4585AA30228F43EF00DFFAD3 /* Info.plist */ = {isa = PBXFileReference; lastKnownFileType = text.plist.xml; path = Info.plist; sourceTree = "<group>"; };
		45B79FBD22907EA80062F57C /* PersonCell.swift */ = {isa = PBXFileReference; lastKnownFileType = sourcecode.swift; path = PersonCell.swift; sourceTree = "<group>"; };
		5B3D045B2291150700FD7203 /* Person.swift */ = {isa = PBXFileReference; lastKnownFileType = sourcecode.swift; path = Person.swift; sourceTree = "<group>"; };
/* End PBXFileReference section */

/* Begin PBXFrameworksBuildPhase section */
		4585AA1E228F43ED00DFFAD3 /* Frameworks */ = {
			isa = PBXFrameworksBuildPhase;
			buildActionMask = 2147483647;
			files = (
			);
			runOnlyForDeploymentPostprocessing = 0;
		};
/* End PBXFrameworksBuildPhase section */

/* Begin PBXGroup section */
		4585AA18228F43ED00DFFAD3 = {
			isa = PBXGroup;
			children = (
				4585AA23228F43ED00DFFAD3 /* HWS_Project10 */,
				4585AA22228F43ED00DFFAD3 /* Products */,
			);
			sourceTree = "<group>";
		};
		4585AA22228F43ED00DFFAD3 /* Products */ = {
			isa = PBXGroup;
			children = (
				4585AA21228F43ED00DFFAD3 /* HWS_Project10.app */,
			);
			name = Products;
			sourceTree = "<group>";
		};
		4585AA23228F43ED00DFFAD3 /* HWS_Project10 */ = {
			isa = PBXGroup;
			children = (
				4585AA24228F43ED00DFFAD3 /* AppDelegate.swift */,
				4585AA26228F43ED00DFFAD3 /* ViewController.swift */,
				5B3D045B2291150700FD7203 /* Person.swift */,
				45B79FBD22907EA80062F57C /* PersonCell.swift */,
				4585AA28228F43ED00DFFAD3 /* Main.storyboard */,
				4585AA2B228F43EF00DFFAD3 /* Assets.xcassets */,
				4585AA2D228F43EF00DFFAD3 /* LaunchScreen.storyboard */,
				4585AA30228F43EF00DFFAD3 /* Info.plist */,
			);
			path = HWS_Project10;
			sourceTree = "<group>";
		};
/* End PBXGroup section */

/* Begin PBXNativeTarget section */
		4585AA20228F43ED00DFFAD3 /* HWS_Project10 */ = {
			isa = PBXNativeTarget;
			buildConfigurationList = 4585AA33228F43EF00DFFAD3 /* Build configuration list for PBXNativeTarget "HWS_Project10" */;
			buildPhases = (
				4585AA1D228F43ED00DFFAD3 /* Sources */,
				4585AA1E228F43ED00DFFAD3 /* Frameworks */,
				4585AA1F228F43ED00DFFAD3 /* Resources */,
			);
			buildRules = (
			);
			dependencies = (
			);
			name = HWS_Project10;
			productName = HWS_Project10;
			productReference = 4585AA21228F43ED00DFFAD3 /* HWS_Project10.app */;
			productType = "com.apple.product-type.application";
		};
/* End PBXNativeTarget section */

/* Begin PBXProject section */
		4585AA19228F43ED00DFFAD3 /* Project object */ = {
			isa = PBXProject;
			attributes = {
				LastSwiftUpdateCheck = 1020;
				LastUpgradeCheck = 1020;
				ORGANIZATIONNAME = user153502;
				TargetAttributes = {
					4585AA20228F43ED00DFFAD3 = {
						CreatedOnToolsVersion = 10.2.1;
					};
				};
			};
			buildConfigurationList = 4585AA1C228F43ED00DFFAD3 /* Build configuration list for PBXProject "HWS_Project10" */;
			compatibilityVersion = "Xcode 9.3";
			developmentRegion = en;
			hasScannedForEncodings = 0;
			knownRegions = (
				en,
				Base,
			);
			mainGroup = 4585AA18228F43ED00DFFAD3;
			productRefGroup = 4585AA22228F43ED00DFFAD3 /* Products */;
			projectDirPath = "";
			projectRoot = "";
			targets = (
				4585AA20228F43ED00DFFAD3 /* HWS_Project10 */,
			);
		};
/* End PBXProject section */

/* Begin PBXResourcesBuildPhase section */
		4585AA1F228F43ED00DFFAD3 /* Resources */ = {
			isa = PBXResourcesBuildPhase;
			buildActionMask = 2147483647;
			files = (
				4585AA2F228F43EF00DFFAD3 /* LaunchScreen.storyboard in Resources */,
				4585AA2C228F43EF00DFFAD3 /* Assets.xcassets in Resources */,
				4585AA2A228F43ED00DFFAD3 /* Main.storyboard in Resources */,
			);
			runOnlyForDeploymentPostprocessing = 0;
		};
/* End PBXResourcesBuildPhase section */

/* Begin PBXSourcesBuildPhase section */
		4585AA1D228F43ED00DFFAD3 /* Sources */ = {
			isa = PBXSourcesBuildPhase;
			buildActionMask = 2147483647;
			files = (
				45B79FBE22907EA80062F57C /* PersonCell.swift in Sources */,
				4585AA27228F43ED00DFFAD3 /* ViewController.swift in Sources */,
				5B3D045C2291150700FD7203 /* Person.swift in Sources */,
				4585AA25228F43ED00DFFAD3 /* AppDelegate.swift in Sources */,
			);
			runOnlyForDeploymentPostprocessing = 0;
		};
/* End PBXSourcesBuildPhase section */

/* Begin PBXVariantGroup section */
		4585AA28228F43ED00DFFAD3 /* Main.storyboard */ = {
			isa = PBXVariantGroup;
			children = (
				4585AA29228F43ED00DFFAD3 /* Base */,
			);
			name = Main.storyboard;
			sourceTree = "<group>";
		};
		4585AA2D228F43EF00DFFAD3 /* LaunchScreen.storyboard */ = {
			isa = PBXVariantGroup;
			children = (
				4585AA2E228F43EF00DFFAD3 /* Base */,
			);
			name = LaunchScreen.storyboard;
			sourceTree = "<group>";
		};
/* End PBXVariantGroup section */

/* Begin XCBuildConfiguration section */
		4585AA31228F43EF00DFFAD3 /* Debug */ = {
			isa = XCBuildConfiguration;
			buildSettings = {
				ALWAYS_SEARCH_USER_PATHS = NO;
				CLANG_ANALYZER_NONNULL = YES;
				CLANG_ANALYZER_NUMBER_OBJECT_CONVERSION = YES_AGGRESSIVE;
				CLANG_CXX_LANGUAGE_STANDARD = "gnu++14";
				CLANG_CXX_LIBRARY = "libc++";
				CLANG_ENABLE_MODULES = YES;
				CLANG_ENABLE_OBJC_ARC = YES;
				CLANG_ENABLE_OBJC_WEAK = YES;
				CLANG_WARN_BLOCK_CAPTURE_AUTORELEASING = YES;
				CLANG_WARN_BOOL_CONVERSION = YES;
				CLANG_WARN_COMMA = YES;
				CLANG_WARN_CONSTANT_CONVERSION = YES;
				CLANG_WARN_DEPRECATED_OBJC_IMPLEMENTATIONS = YES;
				CLANG_WARN_DIRECT_OBJC_ISA_USAGE = YES_ERROR;
				CLANG_WARN_DOCUMENTATION_COMMENTS = YES;
				CLANG_WARN_EMPTY_BODY = YES;
				CLANG_WARN_ENUM_CONVERSION = YES;
				CLANG_WARN_INFINITE_RECURSION = YES;
				CLANG_WARN_INT_CONVERSION = YES;
				CLANG_WARN_NON_LITERAL_NULL_CONVERSION = YES;
				CLANG_WARN_OBJC_IMPLICIT_RETAIN_SELF = YES;
				CLANG_WARN_OBJC_LITERAL_CONVERSION = YES;
				CLANG_WARN_OBJC_ROOT_CLASS = YES_ERROR;
				CLANG_WARN_RANGE_LOOP_ANALYSIS = YES;
				CLANG_WARN_STRICT_PROTOTYPES = YES;
				CLANG_WARN_SUSPICIOUS_MOVE = YES;
				CLANG_WARN_UNGUARDED_AVAILABILITY = YES_AGGRESSIVE;
				CLANG_WARN_UNREACHABLE_CODE = YES;
				CLANG_WARN__DUPLICATE_METHOD_MATCH = YES;
				CODE_SIGN_IDENTITY = "iPhone Developer";
				COPY_PHASE_STRIP = NO;
				DEBUG_INFORMATION_FORMAT = dwarf;
				ENABLE_STRICT_OBJC_MSGSEND = YES;
				ENABLE_TESTABILITY = YES;
				GCC_C_LANGUAGE_STANDARD = gnu11;
				GCC_DYNAMIC_NO_PIC = NO;
				GCC_NO_COMMON_BLOCKS = YES;
				GCC_OPTIMIZATION_LEVEL = 0;
				GCC_PREPROCESSOR_DEFINITIONS = (
					"DEBUG=1",
					"$(inherited)",
				);
				GCC_WARN_64_TO_32_BIT_CONVERSION = YES;
				GCC_WARN_ABOUT_RETURN_TYPE = YES_ERROR;
				GCC_WARN_UNDECLARED_SELECTOR = YES;
				GCC_WARN_UNINITIALIZED_AUTOS = YES_AGGRESSIVE;
				GCC_WARN_UNUSED_FUNCTION = YES;
				GCC_WARN_UNUSED_VARIABLE = YES;
				IPHONEOS_DEPLOYMENT_TARGET = 12.2;
				MTL_ENABLE_DEBUG_INFO = INCLUDE_SOURCE;
				MTL_FAST_MATH = YES;
				ONLY_ACTIVE_ARCH = YES;
				SDKROOT = iphoneos;
				SWIFT_ACTIVE_COMPILATION_CONDITIONS = DEBUG;
				SWIFT_OPTIMIZATION_LEVEL = "-Onone";
			};
			name = Debug;
		};
		4585AA32228F43EF00DFFAD3 /* Release */ = {
			isa = XCBuildConfiguration;
			buildSettings = {
				ALWAYS_SEARCH_USER_PATHS = NO;
				CLANG_ANALYZER_NONNULL = YES;
				CLANG_ANALYZER_NUMBER_OBJECT_CONVERSION = YES_AGGRESSIVE;
				CLANG_CXX_LANGUAGE_STANDARD = "gnu++14";
				CLANG_CXX_LIBRARY = "libc++";
				CLANG_ENABLE_MODULES = YES;
				CLANG_ENABLE_OBJC_ARC = YES;
				CLANG_ENABLE_OBJC_WEAK = YES;
				CLANG_WARN_BLOCK_CAPTURE_AUTORELEASING = YES;
				CLANG_WARN_BOOL_CONVERSION = YES;
				CLANG_WARN_COMMA = YES;
				CLANG_WARN_CONSTANT_CONVERSION = YES;
				CLANG_WARN_DEPRECATED_OBJC_IMPLEMENTATIONS = YES;
				CLANG_WARN_DIRECT_OBJC_ISA_USAGE = YES_ERROR;
				CLANG_WARN_DOCUMENTATION_COMMENTS = YES;
				CLANG_WARN_EMPTY_BODY = YES;
				CLANG_WARN_ENUM_CONVERSION = YES;
				CLANG_WARN_INFINITE_RECURSION = YES;
				CLANG_WARN_INT_CONVERSION = YES;
				CLANG_WARN_NON_LITERAL_NULL_CONVERSION = YES;
				CLANG_WARN_OBJC_IMPLICIT_RETAIN_SELF = YES;
				CLANG_WARN_OBJC_LITERAL_CONVERSION = YES;
				CLANG_WARN_OBJC_ROOT_CLASS = YES_ERROR;
				CLANG_WARN_RANGE_LOOP_ANALYSIS = YES;
				CLANG_WARN_STRICT_PROTOTYPES = YES;
				CLANG_WARN_SUSPICIOUS_MOVE = YES;
				CLANG_WARN_UNGUARDED_AVAILABILITY = YES_AGGRESSIVE;
				CLANG_WARN_UNREACHABLE_CODE = YES;
				CLANG_WARN__DUPLICATE_METHOD_MATCH = YES;
				CODE_SIGN_IDENTITY = "iPhone Developer";
				COPY_PHASE_STRIP = NO;
				DEBUG_INFORMATION_FORMAT = "dwarf-with-dsym";
				ENABLE_NS_ASSERTIONS = NO;
				ENABLE_STRICT_OBJC_MSGSEND = YES;
				GCC_C_LANGUAGE_STANDARD = gnu11;
				GCC_NO_COMMON_BLOCKS = YES;
				GCC_WARN_64_TO_32_BIT_CONVERSION = YES;
				GCC_WARN_ABOUT_RETURN_TYPE = YES_ERROR;
				GCC_WARN_UNDECLARED_SELECTOR = YES;
				GCC_WARN_UNINITIALIZED_AUTOS = YES_AGGRESSIVE;
				GCC_WARN_UNUSED_FUNCTION = YES;
				GCC_WARN_UNUSED_VARIABLE = YES;
				IPHONEOS_DEPLOYMENT_TARGET = 12.2;
				MTL_ENABLE_DEBUG_INFO = NO;
				MTL_FAST_MATH = YES;
				SDKROOT = iphoneos;
				SWIFT_COMPILATION_MODE = wholemodule;
				SWIFT_OPTIMIZATION_LEVEL = "-O";
				VALIDATE_PRODUCT = YES;
			};
			name = Release;
		};
		4585AA34228F43EF00DFFAD3 /* Debug */ = {
			isa = XCBuildConfiguration;
			buildSettings = {
				ASSETCATALOG_COMPILER_APPICON_NAME = AppIcon;
				CODE_SIGN_STYLE = Automatic;
				DEVELOPMENT_TEAM = VGW2M4R8BY;
				INFOPLIST_FILE = HWS_Project10/Info.plist;
				LD_RUNPATH_SEARCH_PATHS = (
					"$(inherited)",
					"@executable_path/Frameworks",
				);
				PRODUCT_BUNDLE_IDENTIFIER = "com.kabishau.HWS-Project10";
				PRODUCT_NAME = "$(TARGET_NAME)";
				SWIFT_VERSION = 5.0;
				TARGETED_DEVICE_FAMILY = "1,2";
			};
			name = Debug;
		};
		4585AA35228F43EF00DFFAD3 /* Release */ = {
			isa = XCBuildConfiguration;
			buildSettings = {
				ASSETCATALOG_COMPILER_APPICON_NAME = AppIcon;
				CODE_SIGN_STYLE = Automatic;
				DEVELOPMENT_TEAM = VGW2M4R8BY;
				INFOPLIST_FILE = HWS_Project10/Info.plist;
				LD_RUNPATH_SEARCH_PATHS = (
					"$(inherited)",
					"@executable_path/Frameworks",
				);
				PRODUCT_BUNDLE_IDENTIFIER = "com.kabishau.HWS-Project10";
				PRODUCT_NAME = "$(TARGET_NAME)";
				SWIFT_VERSION = 5.0;
				TARGETED_DEVICE_FAMILY = "1,2";
			};
			name = Release;
		};
/* End XCBuildConfiguration section */

/* Begin XCConfigurationList section */
		4585AA1C228F43ED00DFFAD3 /* Build configuration list for PBXProject "HWS_Project10" */ = {
			isa = XCConfigurationList;
			buildConfigurations = (
				4585AA31228F43EF00DFFAD3 /* Debug */,
				4585AA32228F43EF00DFFAD3 /* Release */,
			);
			defaultConfigurationIsVisible = 0;
			defaultConfigurationName = Release;
		};
		4585AA33228F43EF00DFFAD3 /* Build configuration list for PBXNativeTarget "HWS_Project10" */ = {
			isa = XCConfigurationList;
			buildConfigurations = (
				4585AA34228F43EF00DFFAD3 /* Debug */,
				4585AA35228F43EF00DFFAD3 /* Release */,
			);
			defaultConfigurationIsVisible = 0;
			defaultConfigurationName = Release;
		};
/* End XCConfigurationList section */
	};
	rootObject = 4585AA19228F43ED00DFFAD3 /* Project object */;
}
